# THIS IS AN AUTOGENERATED FILE. DO NOT EDIT THIS FILE DIRECTLY.
# yarn lockfile v1


"@babel/helper-string-parser@^7.27.1":
  version "7.27.1"
  resolved "https://registry.yarnpkg.com/@babel/helper-string-parser/-/helper-string-parser-7.27.1.tgz#54da796097ab19ce67ed9f88b47bb2ec49367687"
  integrity sha512-qMlSxKbpRlAridDExk92nSobyDdpPijUq2DW6oDnUqd0iOGxmQjyqhMIihI9+zv4LPyZdRje2cavWPbCbWm3eA==

"@babel/helper-validator-identifier@^7.28.5":
  version "7.28.5"
  resolved "https://registry.yarnpkg.com/@babel/helper-validator-identifier/-/helper-validator-identifier-7.28.5.tgz#010b6938fab7cb7df74aa2bbc06aa503b8fe5fb4"
  integrity sha512-qSs4ifwzKJSV39ucNjsvc6WVHs6b7S03sOh2OcHF9UHfVPqWWALUsNUVzhSBiItjRZoLHx7nIarVjqKVusUZ1Q==

"@babel/parser@^7.23.5":
  version "7.28.5"
  resolved "https://registry.yarnpkg.com/@babel/parser/-/parser-7.28.5.tgz#0b0225ee90362f030efd644e8034c99468893b08"
  integrity sha512-KKBU1VGYR7ORr3At5HAtUQ+TV3SzRCXmA/8OdDZiLDBIZxVyzXuztPjfLd3BV1PRAQGCMWWSHYhL0F8d5uHBDQ==
  dependencies:
    "@babel/types" "^7.28.5"

"@babel/types@^7.28.5":
  version "7.28.5"
  resolved "https://registry.yarnpkg.com/@babel/types/-/types-7.28.5.tgz#10fc405f60897c35f07e85493c932c7b5ca0592b"
  integrity sha512-qQ5m48eI/MFLQ5PxQj4PFaprjyCTLI37ElWMmNs0K8Lk3dVeOdNpB3ks8jc7yM5CDmVC73eMVk/trk3fgmrUpA==
  dependencies:
    "@babel/helper-string-parser" "^7.27.1"
    "@babel/helper-validator-identifier" "^7.28.5"

"@vue/compiler-sfc@2.7.16":
  version "2.7.16"
  resolved "https://registry.yarnpkg.com/@vue/compiler-sfc/-/compiler-sfc-2.7.16.tgz#ff81711a0fac9c68683d8bb00b63f857de77dc83"
  integrity sha512-KWhJ9k5nXuNtygPU7+t1rX6baZeqOYLEforUPjgNDBnLicfHCoi48H87Q8XyLZOrNNsmhuwKqtpDQWjEFe6Ekg==
  dependencies:
    "@babel/parser" "^7.23.5"
    postcss "^8.4.14"
    source-map "^0.6.1"
  optionalDependencies:
    prettier "^1.18.2 || ^2.0.0"

nanoid@^3.3.6:
  version "3.3.6"
  resolved "https://registry.yarnpkg.com/nanoid/-/nanoid-3.3.6.tgz#443380c856d6e9f9824267d960b4236ad583ea4c"
  integrity sha512-BGcqMMJuToF7i1rt+2PWSNVnWIkGCU78jBG3RxO/bZlnZPK2Cmi2QaffxGO/2RvWi9sL+FAiRiXMgsyxQ1DIDA==

picocolors@^1.0.0:
  version "1.0.0"
  resolved "https://registry.yarnpkg.com/picocolors/-/picocolors-1.0.0.tgz#cb5bdc74ff3f51892236eaf79d68bc44564ab81c"
  integrity sha512-1fygroTLlHu66zi26VoTDv8yRgm0Fccecssto+MhsZ0D/DGW2sm8E8AjW7NU5VVTRt5GxbeZ5qBuJr+HyLYkjQ==

postcss@^8.4.14:
  version "8.4.27"
  resolved "https://registry.yarnpkg.com/postcss/-/postcss-8.4.27.tgz#234d7e4b72e34ba5a92c29636734349e0d9c3057"
  integrity sha512-gY/ACJtJPSmUFPDCHtX78+01fHa64FaU4zaaWfuh1MhGJISufJAH4cun6k/8fwsHYeK4UQmENQK+tRLCFJE8JQ==
  dependencies:
    nanoid "^3.3.6"
    picocolors "^1.0.0"
    source-map-js "^1.0.2"

"prettier@^1.18.2 || ^2.0.0":
  version "2.8.8"
  resolved "https://registry.yarnpkg.com/prettier/-/prettier-2.8.8.tgz#e8c5d7e98a4305ffe3de2e1fc4aca1a71c28b1da"
  integrity sha512-tdN8qQGvNjw4CHbY+XXk0JgCXn9QiF21a55rBe5LJAU+kDyC4WQn4+awm2Xfk2lQMk5fKup9XgzTZtGkjBdP9Q==

source-map-js@^1.0.2:
  version "1.0.2"
  resolved "https://registry.yarnpkg.com/source-map-js/-/source-map-js-1.0.2.tgz#adbc361d9c62df380125e7f161f71c826f1e490c"
  integrity sha512-R0XvVJ9WusLiqTCEiGCmICCMplcCkIwwR11mOSD9CR5u+IXYdiseeEuXCVAjS54zqwkLcPNnmU4OeJ6tUrWhDw==

source-map@^0.6.1:
  version "0.6.1"
  resolved "https://registry.yarnpkg.com/source-map/-/source-map-0.6.1.tgz#74722af32e9614e9c287a8d0bbde48b5e2f1a263"
  integrity sha512-UjgapumWlbMhkBgzT7Ykc5YXUT46F0iKu8SGXq0bcwP5dz/h0Plj6enJqjz1Zbq2l5WaqYnrVbwWOWMyF3F47g==
